{
  "name": "assets",
  "lockfileVersion": 3,
  "requires": true,
  "packages": {
    "": {
      "dependencies": {
        "extendable-media-recorder": "^9.1.10",
        "lamejs": "^1.2.1",
        "mic-recorder-to-mp3": "^2.2.2",
        "peerjs": "^1.5.2"
      }
    },
    "node_modules/@babel/runtime": {
      "version": "7.24.0",
      "resolved": "https://registry.npmjs.org/@babel/runtime/-/runtime-7.24.0.tgz",
      "integrity": "sha512-Chk32uHMg6TnQdvw2e9IlqPpFX/6NLuK0Ys2PqLb7/gL5uFn9mXvK715FGLlOLQrcO4qIkNHkvPGktzzXexsFw==",
      "dependencies": {
        "regenerator-runtime": "^0.14.0"
      },
      "engines": {
        "node": ">=6.9.0"
      }
    },
    "node_modules/@cbor-extract/cbor-extract-darwin-arm64": {
      "version": "2.2.0",
      "resolved": "https://registry.npmjs.org/@cbor-extract/cbor-extract-darwin-arm64/-/cbor-extract-darwin-arm64-2.2.0.tgz",
      "integrity": "sha512-P7swiOAdF7aSi0H+tHtHtr6zrpF3aAq/W9FXx5HektRvLTM2O89xCyXF3pk7pLc7QpaY7AoaE8UowVf9QBdh3w==",
      "cpu": [
        "arm64"
      ],
      "optional": true,
      "os": [
        "darwin"
      ]
    },
    "node_modules/@cbor-extract/cbor-extract-darwin-x64": {
      "version": "2.2.0",
      "resolved": "https://registry.npmjs.org/@cbor-extract/cbor-extract-darwin-x64/-/cbor-extract-darwin-x64-2.2.0.tgz",
      "integrity": "sha512-1liF6fgowph0JxBbYnAS7ZlqNYLf000Qnj4KjqPNW4GViKrEql2MgZnAsExhY9LSy8dnvA4C0qHEBgPrll0z0w==",
      "cpu": [
        "x64"
      ],
      "optional": true,
      "os": [
        "darwin"
      ]
    },
    "node_modules/@cbor-extract/cbor-extract-linux-arm": {
      "version": "2.2.0",
      "resolved": "https://registry.npmjs.org/@cbor-extract/cbor-extract-linux-arm/-/cbor-extract-linux-arm-2.2.0.tgz",
      "integrity": "sha512-QeBcBXk964zOytiedMPQNZr7sg0TNavZeuUCD6ON4vEOU/25+pLhNN6EDIKJ9VLTKaZ7K7EaAriyYQ1NQ05s/Q==",
      "cpu": [
        "arm"
      ],
      "optional": true,
      "os": [
        "linux"
      ]
    },
    "node_modules/@cbor-extract/cbor-extract-linux-arm64": {
      "version": "2.2.0",
      "resolved": "https://registry.npmjs.org/@cbor-extract/cbor-extract-linux-arm64/-/cbor-extract-linux-arm64-2.2.0.tgz",
      "integrity": "sha512-rQvhNmDuhjTVXSPFLolmQ47/ydGOFXtbR7+wgkSY0bdOxCFept1hvg59uiLPT2fVDuJFuEy16EImo5tE2x3RsQ==",
      "cpu": [
        "arm64"
      ],
      "optional": true,
      "os": [
        "linux"
      ]
    },
    "node_modules/@cbor-extract/cbor-extract-linux-x64": {
      "version": "2.2.0",
      "resolved": "https://registry.npmjs.org/@cbor-extract/cbor-extract-linux-x64/-/cbor-extract-linux-x64-2.2.0.tgz",
      "integrity": "sha512-cWLAWtT3kNLHSvP4RKDzSTX9o0wvQEEAj4SKvhWuOVZxiDAeQazr9A+PSiRILK1VYMLeDml89ohxCnUNQNQNCw==",
      "cpu": [
        "x64"
      ],
      "optional": true,
      "os": [
        "linux"
      ]
    },
    "node_modules/@cbor-extract/cbor-extract-win32-x64": {
      "version": "2.2.0",
      "resolved": "https://registry.npmjs.org/@cbor-extract/cbor-extract-win32-x64/-/cbor-extract-win32-x64-2.2.0.tgz",
      "integrity": "sha512-l2M+Z8DO2vbvADOBNLbbh9y5ST1RY5sqkWOg/58GkUPBYou/cuNZ68SGQ644f1CvZ8kcOxyZtw06+dxWHIoN/w==",
      "cpu": [
        "x64"
      ],
      "optional": true,
      "os": [
        "win32"
      ]
    },
    "node_modules/@msgpack/msgpack": {
      "version": "2.8.0",
      "resolved": "https://registry.npmjs.org/@msgpack/msgpack/-/msgpack-2.8.0.tgz",
      "integrity": "sha512-h9u4u/jiIRKbq25PM+zymTyW6bhTzELvOoUd+AvYriWOAKpLGnIamaET3pnHYoI5iYphAHBI4ayx0MehR+VVPQ==",
      "engines": {
        "node": ">= 10"
      }
    },
    "node_modules/automation-events": {
      "version": "7.0.1",
      "resolved": "https://registry.npmjs.org/automation-events/-/automation-events-7.0.1.tgz",
      "integrity": "sha512-Fmwxv+L19DdpGSrnXVHfFnEqhPFnGBMP3aZNvogDmgRu9nVCgh0iycb3bRcklYkd0FBp+khGk+JeVYcBx0Yzdg==",
      "dependencies": {
        "@babel/runtime": "^7.24.0",
        "tslib": "^2.6.2"
      },
      "engines": {
        "node": ">=18.2.0"
      }
    },
    "node_modules/broker-factory": {
      "version": "3.0.93",
      "resolved": "https://registry.npmjs.org/broker-factory/-/broker-factory-3.0.93.tgz",
      "integrity": "sha512-Qd1POUR3GeFRzaw8nV/jlr9keSDIG7wte7IYWV+eRyLfAfn5Dp3Ogdl4mSwMZKS0r2O37S3plkwRyNPwO26uNQ==",
      "dependencies": {
        "@babel/runtime": "^7.24.0",
        "fast-unique-numbers": "^9.0.1",
        "tslib": "^2.6.2",
        "worker-factory": "^7.0.20"
      }
    },
    "node_modules/cbor-extract": {
      "version": "2.2.0",
      "resolved": "https://registry.npmjs.org/cbor-extract/-/cbor-extract-2.2.0.tgz",
      "integrity": "sha512-Ig1zM66BjLfTXpNgKpvBePq271BPOvu8MR0Jl080yG7Jsl+wAZunfrwiwA+9ruzm/WEdIV5QF/bjDZTqyAIVHA==",
      "hasInstallScript": true,
      "optional": true,
      "dependencies": {
        "node-gyp-build-optional-packages": "5.1.1"
      },
      "bin": {
        "download-cbor-prebuilds": "bin/download-prebuilds.js"
      },
      "optionalDependencies": {
        "@cbor-extract/cbor-extract-darwin-arm64": "2.2.0",
        "@cbor-extract/cbor-extract-darwin-x64": "2.2.0",
        "@cbor-extract/cbor-extract-linux-arm": "2.2.0",
        "@cbor-extract/cbor-extract-linux-arm64": "2.2.0",
        "@cbor-extract/cbor-extract-linux-x64": "2.2.0",
        "@cbor-extract/cbor-extract-win32-x64": "2.2.0"
      }
    },
    "node_modules/cbor-x": {
      "version": "1.5.4",
      "resolved": "https://registry.npmjs.org/cbor-x/-/cbor-x-1.5.4.tgz",
      "integrity": "sha512-PVKILDn+Rf6MRhhcyzGXi5eizn1i0i3F8Fe6UMMxXBnWkalq9+C5+VTmlIjAYM4iF2IYF2N+zToqAfYOp+3rfw==",
      "optionalDependencies": {
        "cbor-extract": "^2.1.1"
      }
    },
    "node_modules/detect-libc": {
      "version": "2.0.2",
      "resolved": "https://registry.npmjs.org/detect-libc/-/detect-libc-2.0.2.tgz",
      "integrity": "sha512-UX6sGumvvqSaXgdKGUsgZWqcUyIXZ/vZTrlRT/iobiKhGL0zL4d3osHj3uqllWJK+i+sixDS/3COVEOFbupFyw==",
      "optional": true,
      "engines": {
        "node": ">=8"
      }
    },
    "node_modules/eventemitter3": {
      "version": "4.0.7",
      "resolved": "https://registry.npmjs.org/eventemitter3/-/eventemitter3-4.0.7.tgz",
      "integrity": "sha512-8guHBZCwKnFhYdHr2ysuRWErTwhoN2X8XELRlrRwpmfeY2jjuUN4taQMsULKUVo1K4DvZl+0pgfyoysHxvmvEw=="
    },
    "node_modules/extendable-media-recorder": {
      "version": "9.1.10",
      "resolved": "https://registry.npmjs.org/extendable-media-recorder/-/extendable-media-recorder-9.1.10.tgz",
      "integrity": "sha512-qaK7wwCp28pfkJoWOBlUCXeCjmIkh7/Q/ed4lh+BD1vMLfry/x8IOlbm0eCX0ItLPz0+BYfAo8kPuDEK0mVKMQ==",
      "dependencies": {
        "@babel/runtime": "^7.24.0",
        "media-encoder-host": "^8.0.108",
        "multi-buffer-data-view": "^6.0.1",
        "recorder-audio-worklet": "^6.0.20",
        "standardized-audio-context": "^25.3.65",
        "subscribable-things": "^2.1.31",
        "tslib": "^2.6.2"
      }
    },
    "node_modules/extendable-media-recorder-wav-encoder-broker": {
      "version": "7.0.96",
      "resolved": "https://registry.npmjs.org/extendable-media-recorder-wav-encoder-broker/-/extendable-media-recorder-wav-encoder-broker-7.0.96.tgz",
      "integrity": "sha512-qnZnHxHfzN9/AedV2ULQrQt97lYm8cJ4ogpOtNE2z2VOt67+8kUHJ5Q2MWTv0LUvE4Wefp5DH37NxYA+nPkSmQ==",
      "dependencies": {
        "@babel/runtime": "^7.24.0",
        "broker-factory": "^3.0.93",
        "extendable-media-recorder-wav-encoder-worker": "^8.0.93",
        "tslib": "^2.6.2"
      }
    },
    "node_modules/extendable-media-recorder-wav-encoder-worker": {
      "version": "8.0.93",
      "resolved": "https://registry.npmjs.org/extendable-media-recorder-wav-encoder-worker/-/extendable-media-recorder-wav-encoder-worker-8.0.93.tgz",
      "integrity": "sha512-tuOACtRr1ZJaiHU9osik2Bi0EWx5RR+1tT4eZTGyiDPrcitF/tTvVnjFa2ROktj6kyX717NS0oOgeSZQIqGoEw==",
      "dependencies": {
        "@babel/runtime": "^7.24.0",
        "tslib": "^2.6.2",
        "worker-factory": "^7.0.20"
      }
    },
    "node_modules/fast-unique-numbers": {
      "version": "9.0.1",
      "resolved": "https://registry.npmjs.org/fast-unique-numbers/-/fast-unique-numbers-9.0.1.tgz",
      "integrity": "sha512-WYR7YspMPkmVcmftJYK/ISOkUIKFBJ9/3y8QLgRfsi5RXuFJirn+Z5xe1aCvX8sYq491CkdCSHhxaMStbE0W9w==",
      "dependencies": {
        "@babel/runtime": "^7.24.0",
        "tslib": "^2.6.2"
      },
      "engines": {
        "node": ">=18.2.0"
      }
    },
    "node_modules/lamejs": {
      "version": "1.2.1",
      "resolved": "https://registry.npmjs.org/lamejs/-/lamejs-1.2.1.tgz",
      "integrity": "sha512-s7bxvjvYthw6oPLCm5pFxvA84wUROODB8jEO2+CE1adhKgrIvVOlmMgY8zyugxGrvRaDHNJanOiS21/emty6dQ==",
      "dependencies": {
        "use-strict": "1.0.1"
      }
    },
    "node_modules/media-encoder-host": {
      "version": "8.0.109",
      "resolved": "https://registry.npmjs.org/media-encoder-host/-/media-encoder-host-8.0.109.tgz",
      "integrity": "sha512-9g2YoPmkY0FzsADGbgfA64Yoeg3akjGxAuzzGpi792mrlICnVpeauLYjmY6LlceX0Q6P4q2o30o8WqQUacDjDQ==",
      "dependencies": {
        "@babel/runtime": "^7.24.0",
        "media-encoder-host-broker": "^7.0.98",
        "media-encoder-host-worker": "^9.1.20",
        "tslib": "^2.6.2"
      }
    },
    "node_modules/media-encoder-host-broker": {
      "version": "7.0.98",
      "resolved": "https://registry.npmjs.org/media-encoder-host-broker/-/media-encoder-host-broker-7.0.98.tgz",
      "integrity": "sha512-uiWCqJr1Hgtelh3AOY5KtdUjl26OwAW8UFLxb4SMYYtUNakEJkXIe4DivCGvDydR+hFHWgEPmwnbfJkKWiZa1Q==",
      "dependencies": {
        "@babel/runtime": "^7.24.0",
        "broker-factory": "^3.0.93",
        "fast-unique-numbers": "^9.0.1",
        "media-encoder-host-worker": "^9.1.20",
        "tslib": "^2.6.2"
      }
    },
    "node_modules/media-encoder-host-worker": {
      "version": "9.1.20",
      "resolved": "https://registry.npmjs.org/media-encoder-host-worker/-/media-encoder-host-worker-9.1.20.tgz",
      "integrity": "sha512-XtT0Z7qU3DobcTTEYjPkqawrO5Dj4jOakerlqFIsnkcU8bSqbVMyR2e++98GW5KIbRHSw26xDMzImY/l5IH4Pg==",
      "dependencies": {
        "@babel/runtime": "^7.24.0",
        "extendable-media-recorder-wav-encoder-broker": "^7.0.96",
        "tslib": "^2.6.2",
        "worker-factory": "^7.0.21"
      }
    },
    "node_modules/mic-recorder-to-mp3": {
      "version": "2.2.2",
      "resolved": "https://registry.npmjs.org/mic-recorder-to-mp3/-/mic-recorder-to-mp3-2.2.2.tgz",
      "integrity": "sha512-xDkOaHbojW3bdKOGn9CI5dT+Mc0RrfczsX/Y1zGJp3FUB4zei5ZKFnNm7Nguc9v910wkd7T3csnCTq5EtCF3Zw==",
      "dependencies": {
        "lamejs": "^1.2.0"
      },
      "peerDependencies": {
        "webrtc-adapter": ">=4.1.1"
      }
    },
    "node_modules/multi-buffer-data-view": {
      "version": "6.0.1",
      "resolved": "https://registry.npmjs.org/multi-buffer-data-view/-/multi-buffer-data-view-6.0.1.tgz",
      "integrity": "sha512-SC8CDYmTl3Nus0liBpzlrI/CRmpT/c2fqUC/X789qT9HpRtDQaiz12JFp4qRnE1iZLSeVJUPgglVLAaxmRt+Wg==",
      "dependencies": {
        "@babel/runtime": "^7.24.0",
        "tslib": "^2.6.2"
      },
      "engines": {
        "node": ">=18.2.0"
      }
    },
    "node_modules/node-gyp-build-optional-packages": {
      "version": "5.1.1",
      "resolved": "https://registry.npmjs.org/node-gyp-build-optional-packages/-/node-gyp-build-optional-packages-5.1.1.tgz",
      "integrity": "sha512-+P72GAjVAbTxjjwUmwjVrqrdZROD4nf8KgpBoDxqXXTiYZZt/ud60dE5yvCSr9lRO8e8yv6kgJIC0K0PfZFVQw==",
      "optional": true,
      "dependencies": {
        "detect-libc": "^2.0.1"
      },
      "bin": {
        "node-gyp-build-optional-packages": "bin.js",
        "node-gyp-build-optional-packages-optional": "optional.js",
        "node-gyp-build-optional-packages-test": "build-test.js"
      }
    },
    "node_modules/peerjs": {
      "version": "1.5.2",
      "resolved": "https://registry.npmjs.org/peerjs/-/peerjs-1.5.2.tgz",
      "integrity": "sha512-pPrtNwPyWJHRPxy2y+rHcdlrG8UwUBB1nl+3Yj6r7FLwcbBpcB2NvGNvLvcrxAVGGGX9fsdA5VT5zBKTZcm1DQ==",
      "dependencies": {
        "@msgpack/msgpack": "^2.8.0",
        "cbor-x": "1.5.4",
        "eventemitter3": "^4.0.7",
        "peerjs-js-binarypack": "^2.1.0",
        "webrtc-adapter": "^8.0.0"
      },
      "engines": {
        "node": ">= 14"
      },
      "funding": {
        "type": "opencollective",
        "url": "https://opencollective.com/peer"
      }
    },
    "node_modules/peerjs-js-binarypack": {
      "version": "2.1.0",
      "resolved": "https://registry.npmjs.org/peerjs-js-binarypack/-/peerjs-js-binarypack-2.1.0.tgz",
      "integrity": "sha512-YIwCC+pTzp3Bi8jPI9UFKO0t0SLo6xALnHkiNt/iUFmUUZG0fEEmEyFKvjsDKweiFitzHRyhuh6NvyJZ4nNxMg==",
      "engines": {
        "node": ">= 14.0.0"
      },
      "funding": {
        "type": "opencollective",
        "url": "https://opencollective.com/peer"
      }
    },
    "node_modules/recorder-audio-worklet": {
      "version": "6.0.21",
      "resolved": "https://registry.npmjs.org/recorder-audio-worklet/-/recorder-audio-worklet-6.0.21.tgz",
      "integrity": "sha512-mluRvlk88tcAO34ltr27ufKPR6XvxDwommlos4ZZuJzZYr5+Uw0hXG8/T/zIfCbbfLqOocXjzjZYn1cG/rlInA==",
      "dependencies": {
        "@babel/runtime": "^7.24.0",
        "broker-factory": "^3.0.93",
        "fast-unique-numbers": "^9.0.1",
        "recorder-audio-worklet-processor": "^5.0.15",
        "standardized-audio-context": "^25.3.66",
        "subscribable-things": "^2.1.32",
        "tslib": "^2.6.2",
        "worker-factory": "^7.0.21"
      }
    },
    "node_modules/recorder-audio-worklet-processor": {
      "version": "5.0.15",
      "resolved": "https://registry.npmjs.org/recorder-audio-worklet-processor/-/recorder-audio-worklet-processor-5.0.15.tgz",
      "integrity": "sha512-v14oC7nUg+DR3PbNhoCsrpGYDIIwfPl4CRm8sP6v/MWOvO9ob33qZhVWMIXjXeEtL3+as9RjQGIeqm/sdqvmhQ==",
      "dependencies": {
        "@babel/runtime": "^7.24.0",
        "tslib": "^2.6.2"
      }
    },
    "node_modules/regenerator-runtime": {
      "version": "0.14.1",
      "resolved": "https://registry.npmjs.org/regenerator-runtime/-/regenerator-runtime-0.14.1.tgz",
      "integrity": "sha512-dYnhHh0nJoMfnkZs6GmmhFknAGRrLznOu5nc9ML+EJxGvrx6H7teuevqVqCuPcPK//3eDrrjQhehXVx9cnkGdw=="
    },
    "node_modules/rxjs-interop": {
      "version": "2.0.0",
      "resolved": "https://registry.npmjs.org/rxjs-interop/-/rxjs-interop-2.0.0.tgz",
      "integrity": "sha512-ASEq9atUw7lualXB+knvgtvwkCEvGWV2gDD/8qnASzBkzEARZck9JAyxmY8OS6Nc1pCPEgDTKNcx+YqqYfzArw=="
    },
    "node_modules/sdp": {
      "version": "3.2.0",
      "resolved": "https://registry.npmjs.org/sdp/-/sdp-3.2.0.tgz",
      "integrity": "sha512-d7wDPgDV3DDiqulJjKiV2865wKsJ34YI+NDREbm+FySq6WuKOikwyNQcm+doLAZ1O6ltdO0SeKle2xMpN3Brgw=="
    },
    "node_modules/standardized-audio-context": {
      "version": "25.3.66",
      "resolved": "https://registry.npmjs.org/standardized-audio-context/-/standardized-audio-context-25.3.66.tgz",
      "integrity": "sha512-5GkDUPiJp+7bdDMRQ/yE2cNtfHUaOVNzaajtAfrAhOqEwxYu7kRIAfn3SoY5vkpsXPx9mmn7lATry0n5bUtRGw==",
      "dependencies": {
        "@babel/runtime": "^7.24.0",
        "automation-events": "^7.0.1",
        "tslib": "^2.6.2"
      }
    },
    "node_modules/subscribable-things": {
      "version": "2.1.32",
      "resolved": "https://registry.npmjs.org/subscribable-things/-/subscribable-things-2.1.32.tgz",
      "integrity": "sha512-WaH/WG4Cgl116ZlJJPANrlLZIBqijhQQ40D6F2Z6YgKOhgjEG68CbPZjSLzO7vZdF/gtUd2W/c0mZiCC2X5vsA==",
      "dependencies": {
        "@babel/runtime": "^7.24.0",
        "rxjs-interop": "^2.0.0",
        "tslib": "^2.6.2"
      }
    },
    "node_modules/tslib": {
      "version": "2.6.2",
      "resolved": "https://registry.npmjs.org/tslib/-/tslib-2.6.2.tgz",
      "integrity": "sha512-AEYxH93jGFPn/a2iVAwW87VuUIkR1FVUKB77NwMF7nBTDkDrrT/Hpt/IrCJ0QXhW27jTBDcf5ZY7w6RiqTMw2Q=="
    },
    "node_modules/use-strict": {
      "version": "1.0.1",
      "resolved": "https://registry.npmjs.org/use-strict/-/use-strict-1.0.1.tgz",
      "integrity": "sha512-IeiWvvEXfW5ltKVMkxq6FvNf2LojMKvB2OCeja6+ct24S1XOmQw2dGr2JyndwACWAGJva9B7yPHwAmeA9QCqAQ=="
    },
    "node_modules/webrtc-adapter": {
      "version": "8.2.3",
      "resolved": "https://registry.npmjs.org/webrtc-adapter/-/webrtc-adapter-8.2.3.tgz",
      "integrity": "sha512-gnmRz++suzmvxtp3ehQts6s2JtAGPuDPjA1F3a9ckNpG1kYdYuHWYpazoAnL9FS5/B21tKlhkorbdCXat0+4xQ==",
      "dependencies": {
        "sdp": "^3.2.0"
      },
      "engines": {
        "node": ">=6.0.0",
        "npm": ">=3.10.0"
      }
    },
    "node_modules/worker-factory": {
      "version": "7.0.21",
      "resolved": "https://registry.npmjs.org/worker-factory/-/worker-factory-7.0.21.tgz",
      "integrity": "sha512-zus7GQwEZy+otsDOSCyy5yEfPFNyvo9KiENojztcEEWAA0gZIjsOADn1yarlSviD2KR4fCMpfU+xKZ6GqWWCdw==",
      "dependencies": {
        "@babel/runtime": "^7.24.0",
        "fast-unique-numbers": "^9.0.1",
        "tslib": "^2.6.2"
      }
    }
  }
}
